
Microsoft Visual Studio Solution File, Format Version 12.00
# Visual Studio Version 16
VisualStudioVersion = 16.0.29503.13
MinimumVisualStudioVersion = 10.0.40219.1
Project("{9A19103F-16F7-4668-BE54-9A1E7A4F7556}") = "LinqIsGod", "LinqIsGod\LinqIsGod.csproj", "{717F6F19-B8DF-47E3-B8B6-C6803CFE5E7D}"
EndProject
Project("{FAE04EC0-301F-11D3-BF4B-00C04F79EFBC}") = "LinqIsGodTests", "LinqIsGodTests\LinqIsGodTests.csproj", "{FBF18063-F45C-4872-9722-3DCAB6638EDF}"
EndProject
Global
	GlobalSection(SolutionConfigurationPlatforms) = preSolution
		Debug|Any CPU = Debug|Any CPU
		Release|Any CPU = Release|Any CPU
	EndGlobalSection
	GlobalSection(ProjectConfigurationPlatforms) = postSolution
		{717F6F19-B8DF-47E3-B8B6-C6803CFE5E7D}.Debug|Any CPU.ActiveCfg = Debug|Any CPU
		{717F6F19-B8DF-47E3-B8B6-C6803CFE5E7D}.Debug|Any CPU.Build.0 = Debug|Any CPU
		{717F6F19-B8DF-47E3-B8B6-C6803CFE5E7D}.Release|Any CPU.ActiveCfg = Release|Any CPU
		{717F6F19-B8DF-47E3-B8B6-C6803CFE5E7D}.Release|Any CPU.Build.0 = Release|Any CPU
		{FBF18063-F45C-4872-9722-3DCAB6638EDF}.Debug|Any CPU.ActiveCfg = Debug|Any CPU
		{FBF18063-F45C-4872-9722-3DCAB6638EDF}.Debug|Any CPU.Build.0 = Debug|Any CPU
		{FBF18063-F45C-4872-9722-3DCAB6638EDF}.Release|Any CPU.ActiveCfg = Release|Any CPU
		{FBF18063-F45C-4872-9722-3DCAB6638EDF}.Release|Any CPU.Build.0 = Release|Any CPU
	EndGlobalSection
	GlobalSection(SolutionProperties) = preSolution
		HideSolutionNode = FALSE
	EndGlobalSection
	GlobalSection(ExtensibilityGlobals) = postSolution
		SolutionGuid = {E483F437-4CC8-470F-9691-AFFB296487D6}
	EndGlobalSection
EndGlobal
